
Microsoft Visual Studio Solution File, Format Version 12.00
# Visual Studio Express 2012 for Windows Desktop
Project("{FAE04EC0-301F-11D3-BF4B-00C04F79EFBC}") = "testaruppgift", "testaruppgift\testaruppgift.csproj", "{661BEEED-258B-4A2A-AA8E-EA587D8EDA95}"
EndProject
Project("{FAE04EC0-301F-11D3-BF4B-00C04F79EFBC}") = "Testtri", "tri\Testtri.csproj", "{C985AB4E-F17F-49E0-9BDE-382155DDE1ED}"
EndProject
Global
	GlobalSection(SolutionConfigurationPlatforms) = preSolution
		Debug|Any CPU = Debug|Any CPU
		Release|Any CPU = Release|Any CPU
	EndGlobalSection
	GlobalSection(ProjectConfigurationPlatforms) = postSolution
		{661BEEED-258B-4A2A-AA8E-EA587D8EDA95}.Debug|Any CPU.ActiveCfg = Debug|Any CPU
		{661BEEED-258B-4A2A-AA8E-EA587D8EDA95}.Debug|Any CPU.Build.0 = Debug|Any CPU
		{661BEEED-258B-4A2A-AA8E-EA587D8EDA95}.Release|Any CPU.ActiveCfg = Release|Any CPU
		{661BEEED-258B-4A2A-AA8E-EA587D8EDA95}.Release|Any CPU.Build.0 = Release|Any CPU
		{C985AB4E-F17F-49E0-9BDE-382155DDE1ED}.Debug|Any CPU.ActiveCfg = Debug|Any CPU
		{C985AB4E-F17F-49E0-9BDE-382155DDE1ED}.Debug|Any CPU.Build.0 = Debug|Any CPU
		{C985AB4E-F17F-49E0-9BDE-382155DDE1ED}.Release|Any CPU.ActiveCfg = Release|Any CPU
		{C985AB4E-F17F-49E0-9BDE-382155DDE1ED}.Release|Any CPU.Build.0 = Release|Any CPU
	EndGlobalSection
	GlobalSection(SolutionProperties) = preSolution
		HideSolutionNode = FALSE
	EndGlobalSection
EndGlobal
